
Microsoft Visual Studio Solution File, Format Version 12.00
# 
Project("{2150E333-8FDC-42A3-9474-1A3956D46DE8}") = "Patterns", "Patterns", "{2ACAC6C2-CC52-4D21-8375-2E39C6620317}"
EndProject
Project("{2150E333-8FDC-42A3-9474-1A3956D46DE8}") = "Strings", "Strings", "{6BFBEB6F-44EF-4022-9C6C-BA8930571C2A}"
EndProject
Project("{2150E333-8FDC-42A3-9474-1A3956D46DE8}") = "RabbitMq", "RabbitMq", "{A25D6234-0907-43A4-9C10-1658F7525793}"
EndProject
Project("{2150E333-8FDC-42A3-9474-1A3956D46DE8}") = "Work-Queues", "Work-Queues", "{51CEF1F6-345F-4AF5-92C9-D4BAFF81BC1F}"
EndProject
Project("{2150E333-8FDC-42A3-9474-1A3956D46DE8}") = "Creational", "Creational", "{28BB29E3-6CBC-4299-8642-19F878A383C8}"
EndProject
Project("{FAE04EC0-301F-11D3-BF4B-00C04F79EFBC}") = "AbstractFactory", "Patterns\Creational\AbstractFactory\AbstractFactory.csproj", "{2D48C2C8-6E1A-44F9-85F0-3AC591AFD63E}"
EndProject
Project("{2150E333-8FDC-42A3-9474-1A3956D46DE8}") = "solution-items", "solution-items", "{DEF4EF9A-B945-48C6-A8AE-F06CFD04F423}"
	ProjectSection(SolutionItems) = preProject
		.editorconfig = .editorconfig
		Directory.Packages.props = Directory.Packages.props
	EndProjectSection
EndProject
Project("{FAE04EC0-301F-11D3-BF4B-00C04F79EFBC}") = "Store", "Store\Store.csproj", "{A8528049-D54C-4C46-AB2C-CB583AABC53C}"
EndProject
Project("{2150E333-8FDC-42A3-9474-1A3956D46DE8}") = "DotnetBase", "DotnetBase", "{2FC16245-3CAE-4C08-B7C0-A1C224573F1D}"
EndProject
Project("{FAE04EC0-301F-11D3-BF4B-00C04F79EFBC}") = "InterpolatedStringLiteral", "DotNetBase\Strings\InterpolatedStringLiteral\InterpolatedStringLiteral.csproj", "{312B2586-69C2-4889-8074-274BBC9664B7}"
EndProject
Project("{FAE04EC0-301F-11D3-BF4B-00C04F79EFBC}") = "StringBuilder", "DotNetBase\Strings\StringBuilder\StringBuilder.csproj", "{197EDDC6-5CC0-48E0-B586-50366C38F45D}"
EndProject
Project("{FAE04EC0-301F-11D3-BF4B-00C04F79EFBC}") = "StringInterning", "DotNetBase\Strings\StringInterning\StringInterning.csproj", "{12ED8B9B-6461-41C4-8F0E-F4186BBACF0A}"
EndProject
Project("{2150E333-8FDC-42A3-9474-1A3956D46DE8}") = "HalloRabbitMq", "HalloRabbitMq", "{7D0CFE28-C9D3-4140-BC41-556FAA9885CA}"
	ProjectSection(SolutionItems) = preProject
		RabbitMq\HalloRabbitMq\docker-compose.yml = RabbitMq\HalloRabbitMq\docker-compose.yml
	EndProjectSection
EndProject
Project("{FAE04EC0-301F-11D3-BF4B-00C04F79EFBC}") = "Receiver", "RabbitMq\HalloRabbitMq\Receiver\Receiver.csproj", "{F9240B8C-6BC8-49A2-8354-B08A08421871}"
EndProject
Project("{FAE04EC0-301F-11D3-BF4B-00C04F79EFBC}") = "Sender", "RabbitMq\HalloRabbitMq\Sender\Sender.csproj", "{AF4AD448-7DAC-452D-BA25-417E268AA7A4}"
EndProject
Project("{2150E333-8FDC-42A3-9474-1A3956D46DE8}") = "Algorithms", "Algorithms", "{5D26F3B0-2769-F421-9ACD-527FA886E1D4}"
EndProject
Project("{FAE04EC0-301F-11D3-BF4B-00C04F79EFBC}") = "HashTable", "Algorithms\HashTable\HashTable.csproj", "{14815375-687E-4CA4-BB5F-C9CED2C12F74}"
EndProject
Project("{2150E333-8FDC-42A3-9474-1A3956D46DE8}") = "Async", "Async", "{49C686F7-093E-D692-51E2-D078CE03ED4A}"
EndProject
Project("{FAE04EC0-301F-11D3-BF4B-00C04F79EFBC}") = "ThreadPool", "DotnetBase\Async\ThreadPool\ThreadPool.csproj", "{1038F27C-C41C-4E29-98A9-255B9A281C76}"
EndProject
Global
	GlobalSection(SolutionConfigurationPlatforms) = preSolution
		Debug|Any CPU = Debug|Any CPU
		Release|Any CPU = Release|Any CPU
	EndGlobalSection
	GlobalSection(ProjectConfigurationPlatforms) = postSolution
		{2D48C2C8-6E1A-44F9-85F0-3AC591AFD63E}.Debug|Any CPU.ActiveCfg = Debug|Any CPU
		{2D48C2C8-6E1A-44F9-85F0-3AC591AFD63E}.Debug|Any CPU.Build.0 = Debug|Any CPU
		{2D48C2C8-6E1A-44F9-85F0-3AC591AFD63E}.Release|Any CPU.ActiveCfg = Release|Any CPU
		{2D48C2C8-6E1A-44F9-85F0-3AC591AFD63E}.Release|Any CPU.Build.0 = Release|Any CPU
		{A8528049-D54C-4C46-AB2C-CB583AABC53C}.Debug|Any CPU.ActiveCfg = Debug|Any CPU
		{A8528049-D54C-4C46-AB2C-CB583AABC53C}.Debug|Any CPU.Build.0 = Debug|Any CPU
		{A8528049-D54C-4C46-AB2C-CB583AABC53C}.Release|Any CPU.ActiveCfg = Release|Any CPU
		{A8528049-D54C-4C46-AB2C-CB583AABC53C}.Release|Any CPU.Build.0 = Release|Any CPU
		{312B2586-69C2-4889-8074-274BBC9664B7}.Debug|Any CPU.ActiveCfg = Debug|Any CPU
		{312B2586-69C2-4889-8074-274BBC9664B7}.Debug|Any CPU.Build.0 = Debug|Any CPU
		{312B2586-69C2-4889-8074-274BBC9664B7}.Release|Any CPU.ActiveCfg = Release|Any CPU
		{312B2586-69C2-4889-8074-274BBC9664B7}.Release|Any CPU.Build.0 = Release|Any CPU
		{197EDDC6-5CC0-48E0-B586-50366C38F45D}.Debug|Any CPU.ActiveCfg = Debug|Any CPU
		{197EDDC6-5CC0-48E0-B586-50366C38F45D}.Debug|Any CPU.Build.0 = Debug|Any CPU
		{197EDDC6-5CC0-48E0-B586-50366C38F45D}.Release|Any CPU.ActiveCfg = Release|Any CPU
		{197EDDC6-5CC0-48E0-B586-50366C38F45D}.Release|Any CPU.Build.0 = Release|Any CPU
		{12ED8B9B-6461-41C4-8F0E-F4186BBACF0A}.Debug|Any CPU.ActiveCfg = Debug|Any CPU
		{12ED8B9B-6461-41C4-8F0E-F4186BBACF0A}.Debug|Any CPU.Build.0 = Debug|Any CPU
		{12ED8B9B-6461-41C4-8F0E-F4186BBACF0A}.Release|Any CPU.ActiveCfg = Release|Any CPU
		{12ED8B9B-6461-41C4-8F0E-F4186BBACF0A}.Release|Any CPU.Build.0 = Release|Any CPU
		{F9240B8C-6BC8-49A2-8354-B08A08421871}.Debug|Any CPU.ActiveCfg = Debug|Any CPU
		{F9240B8C-6BC8-49A2-8354-B08A08421871}.Debug|Any CPU.Build.0 = Debug|Any CPU
		{F9240B8C-6BC8-49A2-8354-B08A08421871}.Release|Any CPU.ActiveCfg = Release|Any CPU
		{F9240B8C-6BC8-49A2-8354-B08A08421871}.Release|Any CPU.Build.0 = Release|Any CPU
		{AF4AD448-7DAC-452D-BA25-417E268AA7A4}.Debug|Any CPU.ActiveCfg = Debug|Any CPU
		{AF4AD448-7DAC-452D-BA25-417E268AA7A4}.Debug|Any CPU.Build.0 = Debug|Any CPU
		{AF4AD448-7DAC-452D-BA25-417E268AA7A4}.Release|Any CPU.ActiveCfg = Release|Any CPU
		{AF4AD448-7DAC-452D-BA25-417E268AA7A4}.Release|Any CPU.Build.0 = Release|Any CPU
		{14815375-687E-4CA4-BB5F-C9CED2C12F74}.Debug|Any CPU.ActiveCfg = Debug|Any CPU
		{14815375-687E-4CA4-BB5F-C9CED2C12F74}.Debug|Any CPU.Build.0 = Debug|Any CPU
		{14815375-687E-4CA4-BB5F-C9CED2C12F74}.Release|Any CPU.ActiveCfg = Release|Any CPU
		{14815375-687E-4CA4-BB5F-C9CED2C12F74}.Release|Any CPU.Build.0 = Release|Any CPU
		{1038F27C-C41C-4E29-98A9-255B9A281C76}.Debug|Any CPU.ActiveCfg = Debug|Any CPU
		{1038F27C-C41C-4E29-98A9-255B9A281C76}.Debug|Any CPU.Build.0 = Debug|Any CPU
		{1038F27C-C41C-4E29-98A9-255B9A281C76}.Release|Any CPU.ActiveCfg = Release|Any CPU
		{1038F27C-C41C-4E29-98A9-255B9A281C76}.Release|Any CPU.Build.0 = Release|Any CPU
	EndGlobalSection
	GlobalSection(SolutionProperties) = preSolution
		HideSolutionNode = FALSE
	EndGlobalSection
	GlobalSection(NestedProjects) = preSolution
		{6BFBEB6F-44EF-4022-9C6C-BA8930571C2A} = {2FC16245-3CAE-4C08-B7C0-A1C224573F1D}
		{51CEF1F6-345F-4AF5-92C9-D4BAFF81BC1F} = {A25D6234-0907-43A4-9C10-1658F7525793}
		{28BB29E3-6CBC-4299-8642-19F878A383C8} = {2ACAC6C2-CC52-4D21-8375-2E39C6620317}
		{2D48C2C8-6E1A-44F9-85F0-3AC591AFD63E} = {28BB29E3-6CBC-4299-8642-19F878A383C8}
		{312B2586-69C2-4889-8074-274BBC9664B7} = {6BFBEB6F-44EF-4022-9C6C-BA8930571C2A}
		{197EDDC6-5CC0-48E0-B586-50366C38F45D} = {6BFBEB6F-44EF-4022-9C6C-BA8930571C2A}
		{12ED8B9B-6461-41C4-8F0E-F4186BBACF0A} = {6BFBEB6F-44EF-4022-9C6C-BA8930571C2A}
		{7D0CFE28-C9D3-4140-BC41-556FAA9885CA} = {A25D6234-0907-43A4-9C10-1658F7525793}
		{F9240B8C-6BC8-49A2-8354-B08A08421871} = {7D0CFE28-C9D3-4140-BC41-556FAA9885CA}
		{AF4AD448-7DAC-452D-BA25-417E268AA7A4} = {7D0CFE28-C9D3-4140-BC41-556FAA9885CA}
		{14815375-687E-4CA4-BB5F-C9CED2C12F74} = {5D26F3B0-2769-F421-9ACD-527FA886E1D4}
		{49C686F7-093E-D692-51E2-D078CE03ED4A} = {2FC16245-3CAE-4C08-B7C0-A1C224573F1D}
		{1038F27C-C41C-4E29-98A9-255B9A281C76} = {49C686F7-093E-D692-51E2-D078CE03ED4A}
	EndGlobalSection
EndGlobal
